
Microsoft Visual Studio Solution File, Format Version 12.00
# Visual Studio Version 16
VisualStudioVersion = 16.0.30320.27
MinimumVisualStudioVersion = 10.0.40219.1
Project("{FAE04EC0-301F-11D3-BF4B-00C04F79EFBC}") = "Blink", "Blink.csproj", "{F2E5AABA-9A15-46FC-98FE-524941C86101}"
EndProject
Global
	GlobalSection(SolutionConfigurationPlatforms) = preSolution
		Debug|Any CPU = Debug|Any CPU
		Release|Any CPU = Release|Any CPU
	EndGlobalSection
	GlobalSection(ProjectConfigurationPlatforms) = postSolution
		{F2E5AABA-9A15-46FC-98FE-524941C86101}.Debug|Any CPU.ActiveCfg = Debug|Any CPU
		{F2E5AABA-9A15-46FC-98FE-524941C86101}.Debug|Any CPU.Build.0 = Debug|Any CPU
		{F2E5AABA-9A15-46FC-98FE-524941C86101}.Release|Any CPU.ActiveCfg = Release|Any CPU
		{F2E5AABA-9A15-46FC-98FE-524941C86101}.Release|Any CPU.Build.0 = Release|Any CPU
	EndGlobalSection
	GlobalSection(SolutionProperties) = preSolution
		HideSolutionNode = FALSE
	EndGlobalSection
	GlobalSection(ExtensibilityGlobals) = postSolution
		SolutionGuid = {5FB0C903-B6B6-4E3A-BE00-E7A1CC375760}
	EndGlobalSection
EndGlobal
